
Microsoft Visual Studio Solution File, Format Version 12.00
# Visual Studio 14
VisualStudioVersion = 14.0.25420.1
MinimumVisualStudioVersion = 10.0.40219.1
Project("{FAE04EC0-301F-11D3-BF4B-00C04F79EFBC}") = "IngSoftware", "IngSoftware\IngSoftware.csproj", "{969E056D-BFB5-43AF-924D-A5AC15AB4FCA}"
EndProject
Project("{FAE04EC0-301F-11D3-BF4B-00C04F79EFBC}") = "IngSoftware.Tests", "IngSoftware.Tests\IngSoftware.Tests.csproj", "{CA731778-8554-43C4-9434-531A6DC38E52}"
EndProject
Global
	GlobalSection(SolutionConfigurationPlatforms) = preSolution
		Debug|Any CPU = Debug|Any CPU
		Release|Any CPU = Release|Any CPU
	EndGlobalSection
	GlobalSection(ProjectConfigurationPlatforms) = postSolution
		{969E056D-BFB5-43AF-924D-A5AC15AB4FCA}.Debug|Any CPU.ActiveCfg = Debug|Any CPU
		{969E056D-BFB5-43AF-924D-A5AC15AB4FCA}.Debug|Any CPU.Build.0 = Debug|Any CPU
		{969E056D-BFB5-43AF-924D-A5AC15AB4FCA}.Release|Any CPU.ActiveCfg = Release|Any CPU
		{969E056D-BFB5-43AF-924D-A5AC15AB4FCA}.Release|Any CPU.Build.0 = Release|Any CPU
		{CA731778-8554-43C4-9434-531A6DC38E52}.Debug|Any CPU.ActiveCfg = Debug|Any CPU
		{CA731778-8554-43C4-9434-531A6DC38E52}.Debug|Any CPU.Build.0 = Debug|Any CPU
		{CA731778-8554-43C4-9434-531A6DC38E52}.Release|Any CPU.ActiveCfg = Release|Any CPU
		{CA731778-8554-43C4-9434-531A6DC38E52}.Release|Any CPU.Build.0 = Release|Any CPU
	EndGlobalSection
	GlobalSection(SolutionProperties) = preSolution
		HideSolutionNode = FALSE
	EndGlobalSection
EndGlobal
